
Microsoft Visual Studio Solution File, Format Version 12.00
# Visual Studio 15
VisualStudioVersion = 15.0.28010.2041
MinimumVisualStudioVersion = 10.0.40219.1
Project("{FAE04EC0-301F-11D3-BF4B-00C04F79EFBC}") = "AspNet.configuration.inside.unitTest", "AspNet.configuration.in.unitTest\AspNet.configuration.inside.unitTest.csproj", "{2E6ED5CA-1CB5-4657-B688-A05576A83DE0}"
EndProject
Global
	GlobalSection(SolutionConfigurationPlatforms) = preSolution
		Debug|Any CPU = Debug|Any CPU
		Release|Any CPU = Release|Any CPU
	EndGlobalSection
	GlobalSection(ProjectConfigurationPlatforms) = postSolution
		{2E6ED5CA-1CB5-4657-B688-A05576A83DE0}.Debug|Any CPU.ActiveCfg = Debug|Any CPU
		{2E6ED5CA-1CB5-4657-B688-A05576A83DE0}.Debug|Any CPU.Build.0 = Debug|Any CPU
		{2E6ED5CA-1CB5-4657-B688-A05576A83DE0}.Release|Any CPU.ActiveCfg = Release|Any CPU
		{2E6ED5CA-1CB5-4657-B688-A05576A83DE0}.Release|Any CPU.Build.0 = Release|Any CPU
	EndGlobalSection
	GlobalSection(SolutionProperties) = preSolution
		HideSolutionNode = FALSE
	EndGlobalSection
	GlobalSection(ExtensibilityGlobals) = postSolution
		SolutionGuid = {0F4E8F97-7008-425A-B309-44B3854CD8E9}
	EndGlobalSection
EndGlobal
